
Microsoft Visual Studio Solution File, Format Version 12.00
# Visual Studio Version 16
VisualStudioVersion = 16.0.29411.108
MinimumVisualStudioVersion = 10.0.40219.1
Project("{FAE04EC0-301F-11D3-BF4B-00C04F79EFBC}") = "FacebookLoginUI.UWP", "FacebookLoginUI\FacebookLoginUI.UWP\FacebookLoginUI.UWP.csproj", "{C22509C5-C5B6-46DB-9BA5-6316A51A40A9}"
EndProject
Project("{FAE04EC0-301F-11D3-BF4B-00C04F79EFBC}") = "FacebookLoginUI.Android", "FacebookLoginUI\FacebookLoginUI.Android\FacebookLoginUI.Android.csproj", "{94F6A9AB-2781-47A6-A2CE-1E2BAEA8DD76}"
EndProject
Project("{FAE04EC0-301F-11D3-BF4B-00C04F79EFBC}") = "FacebookLoginUI.iOS", "FacebookLoginUI\FacebookLoginUI.iOS\FacebookLoginUI.iOS.csproj", "{20F82963-B1F6-441C-A2A8-103098411379}"
EndProject
Project("{FAE04EC0-301F-11D3-BF4B-00C04F79EFBC}") = "FacebookLoginUI", "FacebookLoginUI\FacebookLoginUI\FacebookLoginUI.csproj", "{C26E85BF-5E68-4F58-90EF-3E2947958867}"
EndProject
Global
	GlobalSection(SolutionConfigurationPlatforms) = preSolution
		Debug|Any CPU = Debug|Any CPU
		Debug|ARM = Debug|ARM
		Debug|iPhone = Debug|iPhone
		Debug|iPhoneSimulator = Debug|iPhoneSimulator
		Debug|x64 = Debug|x64
		Debug|x86 = Debug|x86
		Release|Any CPU = Release|Any CPU
		Release|ARM = Release|ARM
		Release|iPhone = Release|iPhone
		Release|iPhoneSimulator = Release|iPhoneSimulator
		Release|x64 = Release|x64
		Release|x86 = Release|x86
	EndGlobalSection
	GlobalSection(ProjectConfigurationPlatforms) = postSolution
		{C22509C5-C5B6-46DB-9BA5-6316A51A40A9}.Debug|Any CPU.ActiveCfg = Debug|x86
		{C22509C5-C5B6-46DB-9BA5-6316A51A40A9}.Debug|Any CPU.Build.0 = Debug|x86
		{C22509C5-C5B6-46DB-9BA5-6316A51A40A9}.Debug|Any CPU.Deploy.0 = Debug|x86
		{C22509C5-C5B6-46DB-9BA5-6316A51A40A9}.Debug|ARM.ActiveCfg = Debug|ARM
		{C22509C5-C5B6-46DB-9BA5-6316A51A40A9}.Debug|ARM.Build.0 = Debug|ARM
		{C22509C5-C5B6-46DB-9BA5-6316A51A40A9}.Debug|ARM.Deploy.0 = Debug|ARM
		{C22509C5-C5B6-46DB-9BA5-6316A51A40A9}.Debug|iPhone.ActiveCfg = Debug|x86
		{C22509C5-C5B6-46DB-9BA5-6316A51A40A9}.Debug|iPhone.Build.0 = Debug|x86
		{C22509C5-C5B6-46DB-9BA5-6316A51A40A9}.Debug|iPhone.Deploy.0 = Debug|x86
		{C22509C5-C5B6-46DB-9BA5-6316A51A40A9}.Debug|iPhoneSimulator.ActiveCfg = Debug|x86
		{C22509C5-C5B6-46DB-9BA5-6316A51A40A9}.Debug|iPhoneSimulator.Build.0 = Debug|x86
		{C22509C5-C5B6-46DB-9BA5-6316A51A40A9}.Debug|iPhoneSimulator.Deploy.0 = Debug|x86
		{C22509C5-C5B6-46DB-9BA5-6316A51A40A9}.Debug|x64.ActiveCfg = Debug|x64
		{C22509C5-C5B6-46DB-9BA5-6316A51A40A9}.Debug|x64.Build.0 = Debug|x64
		{C22509C5-C5B6-46DB-9BA5-6316A51A40A9}.Debug|x64.Deploy.0 = Debug|x64
		{C22509C5-C5B6-46DB-9BA5-6316A51A40A9}.Debug|x86.ActiveCfg = Debug|x86
		{C22509C5-C5B6-46DB-9BA5-6316A51A40A9}.Debug|x86.Build.0 = Debug|x86
		{C22509C5-C5B6-46DB-9BA5-6316A51A40A9}.Debug|x86.Deploy.0 = Debug|x86
		{C22509C5-C5B6-46DB-9BA5-6316A51A40A9}.Release|Any CPU.ActiveCfg = Release|x86
		{C22509C5-C5B6-46DB-9BA5-6316A51A40A9}.Release|Any CPU.Build.0 = Release|x86
		{C22509C5-C5B6-46DB-9BA5-6316A51A40A9}.Release|Any CPU.Deploy.0 = Release|x86
		{C22509C5-C5B6-46DB-9BA5-6316A51A40A9}.Release|ARM.ActiveCfg = Release|ARM
		{C22509C5-C5B6-46DB-9BA5-6316A51A40A9}.Release|ARM.Build.0 = Release|ARM
		{C22509C5-C5B6-46DB-9BA5-6316A51A40A9}.Release|ARM.Deploy.0 = Release|ARM
		{C22509C5-C5B6-46DB-9BA5-6316A51A40A9}.Release|iPhone.ActiveCfg = Release|x86
		{C22509C5-C5B6-46DB-9BA5-6316A51A40A9}.Release|iPhone.Build.0 = Release|x86
		{C22509C5-C5B6-46DB-9BA5-6316A51A40A9}.Release|iPhone.Deploy.0 = Release|x86
		{C22509C5-C5B6-46DB-9BA5-6316A51A40A9}.Release|iPhoneSimulator.ActiveCfg = Release|x86
		{C22509C5-C5B6-46DB-9BA5-6316A51A40A9}.Release|iPhoneSimulator.Build.0 = Release|x86
		{C22509C5-C5B6-46DB-9BA5-6316A51A40A9}.Release|iPhoneSimulator.Deploy.0 = Release|x86
		{C22509C5-C5B6-46DB-9BA5-6316A51A40A9}.Release|x64.ActiveCfg = Release|x64
		{C22509C5-C5B6-46DB-9BA5-6316A51A40A9}.Release|x64.Build.0 = Release|x64
		{C22509C5-C5B6-46DB-9BA5-6316A51A40A9}.Release|x64.Deploy.0 = Release|x64
		{C22509C5-C5B6-46DB-9BA5-6316A51A40A9}.Release|x86.ActiveCfg = Release|x86
		{C22509C5-C5B6-46DB-9BA5-6316A51A40A9}.Release|x86.Build.0 = Release|x86
		{C22509C5-C5B6-46DB-9BA5-6316A51A40A9}.Release|x86.Deploy.0 = Release|x86
		{94F6A9AB-2781-47A6-A2CE-1E2BAEA8DD76}.Debug|Any CPU.ActiveCfg = Debug|Any CPU
		{94F6A9AB-2781-47A6-A2CE-1E2BAEA8DD76}.Debug|Any CPU.Build.0 = Debug|Any CPU
		{94F6A9AB-2781-47A6-A2CE-1E2BAEA8DD76}.Debug|Any CPU.Deploy.0 = Debug|Any CPU
		{94F6A9AB-2781-47A6-A2CE-1E2BAEA8DD76}.Debug|ARM.ActiveCfg = Debug|Any CPU
		{94F6A9AB-2781-47A6-A2CE-1E2BAEA8DD76}.Debug|ARM.Build.0 = Debug|Any CPU
		{94F6A9AB-2781-47A6-A2CE-1E2BAEA8DD76}.Debug|ARM.Deploy.0 = Debug|Any CPU
		{94F6A9AB-2781-47A6-A2CE-1E2BAEA8DD76}.Debug|iPhone.ActiveCfg = Debug|Any CPU
		{94F6A9AB-2781-47A6-A2CE-1E2BAEA8DD76}.Debug|iPhone.Build.0 = Debug|Any CPU
		{94F6A9AB-2781-47A6-A2CE-1E2BAEA8DD76}.Debug|iPhone.Deploy.0 = Debug|Any CPU
		{94F6A9AB-2781-47A6-A2CE-1E2BAEA8DD76}.Debug|iPhoneSimulator.ActiveCfg = Debug|Any CPU
		{94F6A9AB-2781-47A6-A2CE-1E2BAEA8DD76}.Debug|iPhoneSimulator.Build.0 = Debug|Any CPU
		{94F6A9AB-2781-47A6-A2CE-1E2BAEA8DD76}.Debug|iPhoneSimulator.Deploy.0 = Debug|Any CPU
		{94F6A9AB-2781-47A6-A2CE-1E2BAEA8DD76}.Debug|x64.ActiveCfg = Debug|Any CPU
		{94F6A9AB-2781-47A6-A2CE-1E2BAEA8DD76}.Debug|x64.Build.0 = Debug|Any CPU
		{94F6A9AB-2781-47A6-A2CE-1E2BAEA8DD76}.Debug|x64.Deploy.0 = Debug|Any CPU
		{94F6A9AB-2781-47A6-A2CE-1E2BAEA8DD76}.Debug|x86.ActiveCfg = Debug|Any CPU
		{94F6A9AB-2781-47A6-A2CE-1E2BAEA8DD76}.Debug|x86.Build.0 = Debug|Any CPU
		{94F6A9AB-2781-47A6-A2CE-1E2BAEA8DD76}.Debug|x86.Deploy.0 = Debug|Any CPU
		{94F6A9AB-2781-47A6-A2CE-1E2BAEA8DD76}.Release|Any CPU.ActiveCfg = Release|Any CPU
		{94F6A9AB-2781-47A6-A2CE-1E2BAEA8DD76}.Release|Any CPU.Build.0 = Release|Any CPU
		{94F6A9AB-2781-47A6-A2CE-1E2BAEA8DD76}.Release|Any CPU.Deploy.0 = Release|Any CPU
		{94F6A9AB-2781-47A6-A2CE-1E2BAEA8DD76}.Release|ARM.ActiveCfg = Release|Any CPU
		{94F6A9AB-2781-47A6-A2CE-1E2BAEA8DD76}.Release|ARM.Build.0 = Release|Any CPU
		{94F6A9AB-2781-47A6-A2CE-1E2BAEA8DD76}.Release|ARM.Deploy.0 = Release|Any CPU
		{94F6A9AB-2781-47A6-A2CE-1E2BAEA8DD76}.Release|iPhone.ActiveCfg = Release|Any CPU
		{94F6A9AB-2781-47A6-A2CE-1E2BAEA8DD76}.Release|iPhone.Build.0 = Release|Any CPU
		{94F6A9AB-2781-47A6-A2CE-1E2BAEA8DD76}.Release|iPhone.Deploy.0 = Release|Any CPU
		{94F6A9AB-2781-47A6-A2CE-1E2BAEA8DD76}.Release|iPhoneSimulator.ActiveCfg = Release|Any CPU
		{94F6A9AB-2781-47A6-A2CE-1E2BAEA8DD76}.Release|iPhoneSimulator.Build.0 = Release|Any CPU
		{94F6A9AB-2781-47A6-A2CE-1E2BAEA8DD76}.Release|iPhoneSimulator.Deploy.0 = Release|Any CPU
		{94F6A9AB-2781-47A6-A2CE-1E2BAEA8DD76}.Release|x64.ActiveCfg = Release|Any CPU
		{94F6A9AB-2781-47A6-A2CE-1E2BAEA8DD76}.Release|x64.Build.0 = Release|Any CPU
		{94F6A9AB-2781-47A6-A2CE-1E2BAEA8DD76}.Release|x64.Deploy.0 = Release|Any CPU
		{94F6A9AB-2781-47A6-A2CE-1E2BAEA8DD76}.Release|x86.ActiveCfg = Release|Any CPU
		{94F6A9AB-2781-47A6-A2CE-1E2BAEA8DD76}.Release|x86.Build.0 = Release|Any CPU
		{94F6A9AB-2781-47A6-A2CE-1E2BAEA8DD76}.Release|x86.Deploy.0 = Release|Any CPU
		{20F82963-B1F6-441C-A2A8-103098411379}.Debug|Any CPU.ActiveCfg = Debug|iPhone
		{20F82963-B1F6-441C-A2A8-103098411379}.Debug|Any CPU.Build.0 = Debug|iPhone
		{20F82963-B1F6-441C-A2A8-103098411379}.Debug|Any CPU.Deploy.0 = Debug|iPhone
		{20F82963-B1F6-441C-A2A8-103098411379}.Debug|ARM.ActiveCfg = Debug|iPhoneSimulator
		{20F82963-B1F6-441C-A2A8-103098411379}.Debug|ARM.Build.0 = Debug|iPhoneSimulator
		{20F82963-B1F6-441C-A2A8-103098411379}.Debug|ARM.Deploy.0 = Debug|iPhoneSimulator
		{20F82963-B1F6-441C-A2A8-103098411379}.Debug|iPhone.ActiveCfg = Debug|iPhone
		{20F82963-B1F6-441C-A2A8-103098411379}.Debug|iPhone.Build.0 = Debug|iPhone
		{20F82963-B1F6-441C-A2A8-103098411379}.Debug|iPhone.Deploy.0 = Debug|iPhone
		{20F82963-B1F6-441C-A2A8-103098411379}.Debug|iPhoneSimulator.ActiveCfg = Debug|iPhoneSimulator
		{20F82963-B1F6-441C-A2A8-103098411379}.Debug|iPhoneSimulator.Build.0 = Debug|iPhoneSimulator
		{20F82963-B1F6-441C-A2A8-103098411379}.Debug|iPhoneSimulator.Deploy.0 = Debug|iPhoneSimulator
		{20F82963-B1F6-441C-A2A8-103098411379}.Debug|x64.ActiveCfg = Debug|iPhone
		{20F82963-B1F6-441C-A2A8-103098411379}.Debug|x64.Build.0 = Debug|iPhone
		{20F82963-B1F6-441C-A2A8-103098411379}.Debug|x64.Deploy.0 = Debug|iPhone
		{20F82963-B1F6-441C-A2A8-103098411379}.Debug|x86.ActiveCfg = Debug|iPhone
		{20F82963-B1F6-441C-A2A8-103098411379}.Debug|x86.Build.0 = Debug|iPhone
		{20F82963-B1F6-441C-A2A8-103098411379}.Debug|x86.Deploy.0 = Debug|iPhone
		{20F82963-B1F6-441C-A2A8-103098411379}.Release|Any CPU.ActiveCfg = Release|iPhone
		{20F82963-B1F6-441C-A2A8-103098411379}.Release|Any CPU.Build.0 = Release|iPhone
		{20F82963-B1F6-441C-A2A8-103098411379}.Release|Any CPU.Deploy.0 = Release|iPhone
		{20F82963-B1F6-441C-A2A8-103098411379}.Release|ARM.ActiveCfg = Release|iPhone
		{20F82963-B1F6-441C-A2A8-103098411379}.Release|ARM.Build.0 = Release|iPhone
		{20F82963-B1F6-441C-A2A8-103098411379}.Release|ARM.Deploy.0 = Release|iPhone
		{20F82963-B1F6-441C-A2A8-103098411379}.Release|iPhone.ActiveCfg = Release|iPhone
		{20F82963-B1F6-441C-A2A8-103098411379}.Release|iPhone.Build.0 = Release|iPhone
		{20F82963-B1F6-441C-A2A8-103098411379}.Release|iPhone.Deploy.0 = Release|iPhone
		{20F82963-B1F6-441C-A2A8-103098411379}.Release|iPhoneSimulator.ActiveCfg = Release|iPhoneSimulator
		{20F82963-B1F6-441C-A2A8-103098411379}.Release|iPhoneSimulator.Build.0 = Release|iPhoneSimulator
		{20F82963-B1F6-441C-A2A8-103098411379}.Release|iPhoneSimulator.Deploy.0 = Release|iPhoneSimulator
		{20F82963-B1F6-441C-A2A8-103098411379}.Release|x64.ActiveCfg = Release|iPhone
		{20F82963-B1F6-441C-A2A8-103098411379}.Release|x64.Build.0 = Release|iPhone
		{20F82963-B1F6-441C-A2A8-103098411379}.Release|x64.Deploy.0 = Release|iPhone
		{20F82963-B1F6-441C-A2A8-103098411379}.Release|x86.ActiveCfg = Release|iPhone
		{20F82963-B1F6-441C-A2A8-103098411379}.Release|x86.Build.0 = Release|iPhone
		{20F82963-B1F6-441C-A2A8-103098411379}.Release|x86.Deploy.0 = Release|iPhone
		{C26E85BF-5E68-4F58-90EF-3E2947958867}.Debug|Any CPU.ActiveCfg = Debug|Any CPU
		{C26E85BF-5E68-4F58-90EF-3E2947958867}.Debug|Any CPU.Build.0 = Debug|Any CPU
		{C26E85BF-5E68-4F58-90EF-3E2947958867}.Debug|Any CPU.Deploy.0 = Debug|Any CPU
		{C26E85BF-5E68-4F58-90EF-3E2947958867}.Debug|ARM.ActiveCfg = Debug|Any CPU
		{C26E85BF-5E68-4F58-90EF-3E2947958867}.Debug|ARM.Build.0 = Debug|Any CPU
		{C26E85BF-5E68-4F58-90EF-3E2947958867}.Debug|ARM.Deploy.0 = Debug|Any CPU
		{C26E85BF-5E68-4F58-90EF-3E2947958867}.Debug|iPhone.ActiveCfg = Debug|Any CPU
		{C26E85BF-5E68-4F58-90EF-3E2947958867}.Debug|iPhone.Build.0 = Debug|Any CPU
		{C26E85BF-5E68-4F58-90EF-3E2947958867}.Debug|iPhone.Deploy.0 = Debug|Any CPU
		{C26E85BF-5E68-4F58-90EF-3E2947958867}.Debug|iPhoneSimulator.ActiveCfg = Debug|Any CPU
		{C26E85BF-5E68-4F58-90EF-3E2947958867}.Debug|iPhoneSimulator.Build.0 = Debug|Any CPU
		{C26E85BF-5E68-4F58-90EF-3E2947958867}.Debug|iPhoneSimulator.Deploy.0 = Debug|Any CPU
		{C26E85BF-5E68-4F58-90EF-3E2947958867}.Debug|x64.ActiveCfg = Debug|Any CPU
		{C26E85BF-5E68-4F58-90EF-3E2947958867}.Debug|x64.Build.0 = Debug|Any CPU
		{C26E85BF-5E68-4F58-90EF-3E2947958867}.Debug|x64.Deploy.0 = Debug|Any CPU
		{C26E85BF-5E68-4F58-90EF-3E2947958867}.Debug|x86.ActiveCfg = Debug|Any CPU
		{C26E85BF-5E68-4F58-90EF-3E2947958867}.Debug|x86.Build.0 = Debug|Any CPU
		{C26E85BF-5E68-4F58-90EF-3E2947958867}.Debug|x86.Deploy.0 = Debug|Any CPU
		{C26E85BF-5E68-4F58-90EF-3E2947958867}.Release|Any CPU.ActiveCfg = Release|Any CPU
		{C26E85BF-5E68-4F58-90EF-3E2947958867}.Release|Any CPU.Build.0 = Release|Any CPU
		{C26E85BF-5E68-4F58-90EF-3E2947958867}.Release|Any CPU.Deploy.0 = Release|Any CPU
		{C26E85BF-5E68-4F58-90EF-3E2947958867}.Release|ARM.ActiveCfg = Release|Any CPU
		{C26E85BF-5E68-4F58-90EF-3E2947958867}.Release|ARM.Build.0 = Release|Any CPU
		{C26E85BF-5E68-4F58-90EF-3E2947958867}.Release|ARM.Deploy.0 = Release|Any CPU
		{C26E85BF-5E68-4F58-90EF-3E2947958867}.Release|iPhone.ActiveCfg = Release|Any CPU
		{C26E85BF-5E68-4F58-90EF-3E2947958867}.Release|iPhone.Build.0 = Release|Any CPU
		{C26E85BF-5E68-4F58-90EF-3E2947958867}.Release|iPhone.Deploy.0 = Release|Any CPU
		{C26E85BF-5E68-4F58-90EF-3E2947958867}.Release|iPhoneSimulator.ActiveCfg = Release|Any CPU
		{C26E85BF-5E68-4F58-90EF-3E2947958867}.Release|iPhoneSimulator.Build.0 = Release|Any CPU
		{C26E85BF-5E68-4F58-90EF-3E2947958867}.Release|iPhoneSimulator.Deploy.0 = Release|Any CPU
		{C26E85BF-5E68-4F58-90EF-3E2947958867}.Release|x64.ActiveCfg = Release|Any CPU
		{C26E85BF-5E68-4F58-90EF-3E2947958867}.Release|x64.Build.0 = Release|Any CPU
		{C26E85BF-5E68-4F58-90EF-3E2947958867}.Release|x64.Deploy.0 = Release|Any CPU
		{C26E85BF-5E68-4F58-90EF-3E2947958867}.Release|x86.ActiveCfg = Release|Any CPU
		{C26E85BF-5E68-4F58-90EF-3E2947958867}.Release|x86.Build.0 = Release|Any CPU
		{C26E85BF-5E68-4F58-90EF-3E2947958867}.Release|x86.Deploy.0 = Release|Any CPU
	EndGlobalSection
	GlobalSection(SolutionProperties) = preSolution
		HideSolutionNode = FALSE
	EndGlobalSection
	GlobalSection(ExtensibilityGlobals) = postSolution
		SolutionGuid = {8CE2E01A-5A1E-46B2-A33A-E27E4830A211}
	EndGlobalSection
EndGlobal
